
Microsoft Visual Studio Solution File, Format Version 12.00
# Visual Studio Version 17
VisualStudioVersion = 17.13.35828.75 d17.13
MinimumVisualStudioVersion = 10.0.40219.1
Project("{FAE04EC0-301F-11D3-BF4B-00C04F79EFBC}") = "FoodtekAPI", "FoodtekAPI\FoodtekAPI.csproj", "{A37AFF2D-9BA3-473F-BC92-462CBBFAEDB4}"
EndProject
Global
	GlobalSection(SolutionConfigurationPlatforms) = preSolution
		Debug|Any CPU = Debug|Any CPU
		Release|Any CPU = Release|Any CPU
	EndGlobalSection
	GlobalSection(ProjectConfigurationPlatforms) = postSolution
		{A37AFF2D-9BA3-473F-BC92-462CBBFAEDB4}.Debug|Any CPU.ActiveCfg = Debug|Any CPU
		{A37AFF2D-9BA3-473F-BC92-462CBBFAEDB4}.Debug|Any CPU.Build.0 = Debug|Any CPU
		{A37AFF2D-9BA3-473F-BC92-462CBBFAEDB4}.Release|Any CPU.ActiveCfg = Release|Any CPU
		{A37AFF2D-9BA3-473F-BC92-462CBBFAEDB4}.Release|Any CPU.Build.0 = Release|Any CPU
	EndGlobalSection
	GlobalSection(SolutionProperties) = preSolution
		HideSolutionNode = FALSE
	EndGlobalSection
	GlobalSection(ExtensibilityGlobals) = postSolution
		SolutionGuid = {EE9542E6-8E77-4AA6-9D6E-F4ABCD3C802B}
	EndGlobalSection
EndGlobal
